{
  "requires": true,
  "lockfileVersion": 1,
  "dependencies": {
    "damoncheng_test": {
      "version": "1.0.0",
      "resolved": "https://registry.npmjs.org/damoncheng_test/-/damoncheng_test-1.0.0.tgz",
      "integrity": "sha512-kVpSyeRyt1wBkpmtP70lHoPNe9Nk0W2yiSI579/gqEKtslNbDz2dcRLvuKQDQiJ+KrMMgk2ETRXsdKdBQaQH/g=="
    }
  }
}
